
Microsoft Visual Studio Solution File, Format Version 12.00
# Visual Studio 2012
Project("{FAE04EC0-301F-11D3-BF4B-00C04F79EFBC}") = "QlikView.Mashups.Web", "QlikView.Mashups.Web\QlikView.Mashups.Web.csproj", "{66EC4AD1-CEDA-4D27-A511-BC4A621E97FC}"
EndProject
Project("{2150E333-8FDC-42A3-9474-1A3956D46DE8}") = "Solution Items", "Solution Items", "{187A518C-50E5-4AE5-B4BE-B3862076DE47}"
	ProjectSection(SolutionItems) = preProject
		.gitattributes = .gitattributes
		.gitignore = .gitignore
	EndProjectSection
EndProject
Global
	GlobalSection(SolutionConfigurationPlatforms) = preSolution
		Debug|Any CPU = Debug|Any CPU
		Release|Any CPU = Release|Any CPU
	EndGlobalSection
	GlobalSection(ProjectConfigurationPlatforms) = postSolution
		{66EC4AD1-CEDA-4D27-A511-BC4A621E97FC}.Debug|Any CPU.ActiveCfg = Debug|Any CPU
		{66EC4AD1-CEDA-4D27-A511-BC4A621E97FC}.Debug|Any CPU.Build.0 = Debug|Any CPU
		{66EC4AD1-CEDA-4D27-A511-BC4A621E97FC}.Release|Any CPU.ActiveCfg = Release|Any CPU
		{66EC4AD1-CEDA-4D27-A511-BC4A621E97FC}.Release|Any CPU.Build.0 = Release|Any CPU
	EndGlobalSection
	GlobalSection(SolutionProperties) = preSolution
		HideSolutionNode = FALSE
	EndGlobalSection
EndGlobal
